
Microsoft Visual Studio Solution File, Format Version 12.00
# Visual Studio Version 16
VisualStudioVersion = 16.0.32002.261
MinimumVisualStudioVersion = 10.0.40219.1
Project("{FAE04EC0-301F-11D3-BF4B-00C04F79EFBC}") = "DungeonCrawl", "DungeonCrawl\DungeonCrawl.csproj", "{9B51BBCC-C1D6-48AF-9BC2-92724D82ABA5}"
EndProject
Global
	GlobalSection(SolutionConfigurationPlatforms) = preSolution
		Debug|Any CPU = Debug|Any CPU
		Release|Any CPU = Release|Any CPU
	EndGlobalSection
	GlobalSection(ProjectConfigurationPlatforms) = postSolution
		{9B51BBCC-C1D6-48AF-9BC2-92724D82ABA5}.Debug|Any CPU.ActiveCfg = Debug|Any CPU
		{9B51BBCC-C1D6-48AF-9BC2-92724D82ABA5}.Debug|Any CPU.Build.0 = Debug|Any CPU
		{9B51BBCC-C1D6-48AF-9BC2-92724D82ABA5}.Release|Any CPU.ActiveCfg = Release|Any CPU
		{9B51BBCC-C1D6-48AF-9BC2-92724D82ABA5}.Release|Any CPU.Build.0 = Release|Any CPU
	EndGlobalSection
	GlobalSection(SolutionProperties) = preSolution
		HideSolutionNode = FALSE
	EndGlobalSection
	GlobalSection(ExtensibilityGlobals) = postSolution
		SolutionGuid = {22ABA6F2-A35F-4F6C-9686-E334A70A2C8B}
	EndGlobalSection
EndGlobal
